
Microsoft Visual Studio Solution File, Format Version 12.00
# Visual Studio 15
VisualStudioVersion = 15.0.27004.2006
MinimumVisualStudioVersion = 10.0.40219.1
Project("{9A19103F-16F7-4668-BE54-9A1E7A4F7556}") = "Hris.Web.Main", "Hris.Web.Main\Hris.Web.Main.csproj", "{DC6D82B0-A32F-46B1-80A6-5DCAB20A1698}"
EndProject
Project("{9A19103F-16F7-4668-BE54-9A1E7A4F7556}") = "Hris.Database", "Hris.Database\Hris.Database.csproj", "{11B05E45-E07A-49B4-A19C-C8CCFD775609}"
EndProject
Project("{2150E333-8FDC-42A3-9474-1A3956D46DE8}") = "Profiles", "Profiles", "{DD187B12-7C74-4BC8-BAA7-A9FD79B84137}"
EndProject
Project("{9A19103F-16F7-4668-BE54-9A1E7A4F7556}") = "Hris.Profiles.Persistence", "Hris.Profiles.Persistence\Hris.Profiles.Persistence.csproj", "{EFDD177C-A05A-4FFC-9BB5-E662A7815615}"
EndProject
Project("{9A19103F-16F7-4668-BE54-9A1E7A4F7556}") = "Hris.Profiles.Business", "Hris.Profiles.Business\Hris.Profiles.Business.csproj", "{521E492E-D375-486B-900D-EA8AB8A34DC4}"
EndProject
Project("{2150E333-8FDC-42A3-9474-1A3956D46DE8}") = "Common", "Common", "{F0DD2CA1-E494-4311-BDAC-CCD870AFFDFE}"
EndProject
Project("{9A19103F-16F7-4668-BE54-9A1E7A4F7556}") = "Hris.Common.Persistence", "Hris.Common.Persistence\Hris.Common.Persistence.csproj", "{3180257A-18E3-4D5F-912E-C598CDEB63AF}"
EndProject
Project("{9A19103F-16F7-4668-BE54-9A1E7A4F7556}") = "Hris.Common.Business", "Hris.Common.Business\Hris.Common.Business.csproj", "{411E872D-CBD8-40C0-BE54-79EA272759AB}"
EndProject
Project("{9A19103F-16F7-4668-BE54-9A1E7A4F7556}") = "Hris.Common.Tests", "Hris.Common.Tests\Hris.Common.Tests.csproj", "{0CC4B734-4064-44B5-BFF5-FA30CDC62D4C}"
EndProject
Project("{2150E333-8FDC-42A3-9474-1A3956D46DE8}") = "Permission", "Permission", "{13F0A66C-C8D3-485C-B828-A66CC771A1ED}"
EndProject
Project("{9A19103F-16F7-4668-BE54-9A1E7A4F7556}") = "Hris.Permission.Business", "Hris.Permission.Business\Hris.Permission.Business.csproj", "{4E86E1C0-766C-4C5B-AE32-A92EF7FE58D5}"
EndProject
Project("{9A19103F-16F7-4668-BE54-9A1E7A4F7556}") = "Hris.Permission.Persistence", "Hris.Permission.Persistence\Hris.Permission.Persistence.csproj", "{9FA2CA39-323F-4E1E-911A-5426684E254B}"
EndProject
Project("{9A19103F-16F7-4668-BE54-9A1E7A4F7556}") = "Hris.Permission.Tests", "Hris.Permission.Tests\Hris.Permission.Tests.csproj", "{D1F2D9DD-1031-43ED-9541-454DBC2113F1}"
EndProject
Project("{2150E333-8FDC-42A3-9474-1A3956D46DE8}") = "List", "List", "{F675BE77-BA99-4161-A70A-335746A72646}"
EndProject
Project("{9A19103F-16F7-4668-BE54-9A1E7A4F7556}") = "Hris.List.Business", "Hris.List.Business\Hris.List.Business.csproj", "{6BB0A150-7B3C-49DC-904A-01795C73152F}"
EndProject
Project("{9A19103F-16F7-4668-BE54-9A1E7A4F7556}") = "Hris.List.Persistence", "Hris.List.Persistence\Hris.List.Persistence.csproj", "{DB66CB21-4D8C-4646-8CDC-648716695DFF}"
EndProject
Project("{FAE04EC0-301F-11D3-BF4B-00C04F79EFBC}") = "Hris.List.Api", "Hris.List.Api\Hris.List.Api.csproj", "{0FA5782B-8CFE-4BAC-82AC-0C6733439A89}"
EndProject
Project("{FAE04EC0-301F-11D3-BF4B-00C04F79EFBC}") = "Hris.Shared", "Hris.Shared\Hris.Shared.csproj", "{3086E21B-B3B1-47E2-8DD0-96D8A08542EB}"
EndProject
Global
	GlobalSection(SolutionConfigurationPlatforms) = preSolution
		Debug|Any CPU = Debug|Any CPU
		Release|Any CPU = Release|Any CPU
	EndGlobalSection
	GlobalSection(ProjectConfigurationPlatforms) = postSolution
		{DC6D82B0-A32F-46B1-80A6-5DCAB20A1698}.Debug|Any CPU.ActiveCfg = Debug|Any CPU
		{DC6D82B0-A32F-46B1-80A6-5DCAB20A1698}.Debug|Any CPU.Build.0 = Debug|Any CPU
		{DC6D82B0-A32F-46B1-80A6-5DCAB20A1698}.Release|Any CPU.ActiveCfg = Release|Any CPU
		{DC6D82B0-A32F-46B1-80A6-5DCAB20A1698}.Release|Any CPU.Build.0 = Release|Any CPU
		{11B05E45-E07A-49B4-A19C-C8CCFD775609}.Debug|Any CPU.ActiveCfg = Debug|Any CPU
		{11B05E45-E07A-49B4-A19C-C8CCFD775609}.Debug|Any CPU.Build.0 = Debug|Any CPU
		{11B05E45-E07A-49B4-A19C-C8CCFD775609}.Release|Any CPU.ActiveCfg = Release|Any CPU
		{11B05E45-E07A-49B4-A19C-C8CCFD775609}.Release|Any CPU.Build.0 = Release|Any CPU
		{EFDD177C-A05A-4FFC-9BB5-E662A7815615}.Debug|Any CPU.ActiveCfg = Debug|Any CPU
		{EFDD177C-A05A-4FFC-9BB5-E662A7815615}.Debug|Any CPU.Build.0 = Debug|Any CPU
		{EFDD177C-A05A-4FFC-9BB5-E662A7815615}.Release|Any CPU.ActiveCfg = Release|Any CPU
		{EFDD177C-A05A-4FFC-9BB5-E662A7815615}.Release|Any CPU.Build.0 = Release|Any CPU
		{521E492E-D375-486B-900D-EA8AB8A34DC4}.Debug|Any CPU.ActiveCfg = Debug|Any CPU
		{521E492E-D375-486B-900D-EA8AB8A34DC4}.Debug|Any CPU.Build.0 = Debug|Any CPU
		{521E492E-D375-486B-900D-EA8AB8A34DC4}.Release|Any CPU.ActiveCfg = Release|Any CPU
		{521E492E-D375-486B-900D-EA8AB8A34DC4}.Release|Any CPU.Build.0 = Release|Any CPU
		{3180257A-18E3-4D5F-912E-C598CDEB63AF}.Debug|Any CPU.ActiveCfg = Debug|Any CPU
		{3180257A-18E3-4D5F-912E-C598CDEB63AF}.Debug|Any CPU.Build.0 = Debug|Any CPU
		{3180257A-18E3-4D5F-912E-C598CDEB63AF}.Release|Any CPU.ActiveCfg = Release|Any CPU
		{3180257A-18E3-4D5F-912E-C598CDEB63AF}.Release|Any CPU.Build.0 = Release|Any CPU
		{411E872D-CBD8-40C0-BE54-79EA272759AB}.Debug|Any CPU.ActiveCfg = Debug|Any CPU
		{411E872D-CBD8-40C0-BE54-79EA272759AB}.Debug|Any CPU.Build.0 = Debug|Any CPU
		{411E872D-CBD8-40C0-BE54-79EA272759AB}.Release|Any CPU.ActiveCfg = Release|Any CPU
		{411E872D-CBD8-40C0-BE54-79EA272759AB}.Release|Any CPU.Build.0 = Release|Any CPU
		{0CC4B734-4064-44B5-BFF5-FA30CDC62D4C}.Debug|Any CPU.ActiveCfg = Debug|Any CPU
		{0CC4B734-4064-44B5-BFF5-FA30CDC62D4C}.Debug|Any CPU.Build.0 = Debug|Any CPU
		{0CC4B734-4064-44B5-BFF5-FA30CDC62D4C}.Release|Any CPU.ActiveCfg = Release|Any CPU
		{0CC4B734-4064-44B5-BFF5-FA30CDC62D4C}.Release|Any CPU.Build.0 = Release|Any CPU
		{4E86E1C0-766C-4C5B-AE32-A92EF7FE58D5}.Debug|Any CPU.ActiveCfg = Debug|Any CPU
		{4E86E1C0-766C-4C5B-AE32-A92EF7FE58D5}.Debug|Any CPU.Build.0 = Debug|Any CPU
		{4E86E1C0-766C-4C5B-AE32-A92EF7FE58D5}.Release|Any CPU.ActiveCfg = Release|Any CPU
		{4E86E1C0-766C-4C5B-AE32-A92EF7FE58D5}.Release|Any CPU.Build.0 = Release|Any CPU
		{9FA2CA39-323F-4E1E-911A-5426684E254B}.Debug|Any CPU.ActiveCfg = Debug|Any CPU
		{9FA2CA39-323F-4E1E-911A-5426684E254B}.Debug|Any CPU.Build.0 = Debug|Any CPU
		{9FA2CA39-323F-4E1E-911A-5426684E254B}.Release|Any CPU.ActiveCfg = Release|Any CPU
		{9FA2CA39-323F-4E1E-911A-5426684E254B}.Release|Any CPU.Build.0 = Release|Any CPU
		{D1F2D9DD-1031-43ED-9541-454DBC2113F1}.Debug|Any CPU.ActiveCfg = Debug|Any CPU
		{D1F2D9DD-1031-43ED-9541-454DBC2113F1}.Debug|Any CPU.Build.0 = Debug|Any CPU
		{D1F2D9DD-1031-43ED-9541-454DBC2113F1}.Release|Any CPU.ActiveCfg = Release|Any CPU
		{D1F2D9DD-1031-43ED-9541-454DBC2113F1}.Release|Any CPU.Build.0 = Release|Any CPU
		{6BB0A150-7B3C-49DC-904A-01795C73152F}.Debug|Any CPU.ActiveCfg = Debug|Any CPU
		{6BB0A150-7B3C-49DC-904A-01795C73152F}.Debug|Any CPU.Build.0 = Debug|Any CPU
		{6BB0A150-7B3C-49DC-904A-01795C73152F}.Release|Any CPU.ActiveCfg = Release|Any CPU
		{6BB0A150-7B3C-49DC-904A-01795C73152F}.Release|Any CPU.Build.0 = Release|Any CPU
		{DB66CB21-4D8C-4646-8CDC-648716695DFF}.Debug|Any CPU.ActiveCfg = Debug|Any CPU
		{DB66CB21-4D8C-4646-8CDC-648716695DFF}.Debug|Any CPU.Build.0 = Debug|Any CPU
		{DB66CB21-4D8C-4646-8CDC-648716695DFF}.Release|Any CPU.ActiveCfg = Release|Any CPU
		{DB66CB21-4D8C-4646-8CDC-648716695DFF}.Release|Any CPU.Build.0 = Release|Any CPU
		{0FA5782B-8CFE-4BAC-82AC-0C6733439A89}.Debug|Any CPU.ActiveCfg = Debug|Any CPU
		{0FA5782B-8CFE-4BAC-82AC-0C6733439A89}.Debug|Any CPU.Build.0 = Debug|Any CPU
		{0FA5782B-8CFE-4BAC-82AC-0C6733439A89}.Release|Any CPU.ActiveCfg = Release|Any CPU
		{0FA5782B-8CFE-4BAC-82AC-0C6733439A89}.Release|Any CPU.Build.0 = Release|Any CPU
		{3086E21B-B3B1-47E2-8DD0-96D8A08542EB}.Debug|Any CPU.ActiveCfg = Debug|Any CPU
		{3086E21B-B3B1-47E2-8DD0-96D8A08542EB}.Debug|Any CPU.Build.0 = Debug|Any CPU
		{3086E21B-B3B1-47E2-8DD0-96D8A08542EB}.Release|Any CPU.ActiveCfg = Release|Any CPU
		{3086E21B-B3B1-47E2-8DD0-96D8A08542EB}.Release|Any CPU.Build.0 = Release|Any CPU
	EndGlobalSection
	GlobalSection(SolutionProperties) = preSolution
		HideSolutionNode = FALSE
	EndGlobalSection
	GlobalSection(NestedProjects) = preSolution
		{EFDD177C-A05A-4FFC-9BB5-E662A7815615} = {DD187B12-7C74-4BC8-BAA7-A9FD79B84137}
		{521E492E-D375-486B-900D-EA8AB8A34DC4} = {DD187B12-7C74-4BC8-BAA7-A9FD79B84137}
		{3180257A-18E3-4D5F-912E-C598CDEB63AF} = {F0DD2CA1-E494-4311-BDAC-CCD870AFFDFE}
		{411E872D-CBD8-40C0-BE54-79EA272759AB} = {F0DD2CA1-E494-4311-BDAC-CCD870AFFDFE}
		{0CC4B734-4064-44B5-BFF5-FA30CDC62D4C} = {F0DD2CA1-E494-4311-BDAC-CCD870AFFDFE}
		{4E86E1C0-766C-4C5B-AE32-A92EF7FE58D5} = {13F0A66C-C8D3-485C-B828-A66CC771A1ED}
		{9FA2CA39-323F-4E1E-911A-5426684E254B} = {13F0A66C-C8D3-485C-B828-A66CC771A1ED}
		{D1F2D9DD-1031-43ED-9541-454DBC2113F1} = {13F0A66C-C8D3-485C-B828-A66CC771A1ED}
		{6BB0A150-7B3C-49DC-904A-01795C73152F} = {F675BE77-BA99-4161-A70A-335746A72646}
		{DB66CB21-4D8C-4646-8CDC-648716695DFF} = {F675BE77-BA99-4161-A70A-335746A72646}
		{0FA5782B-8CFE-4BAC-82AC-0C6733439A89} = {F675BE77-BA99-4161-A70A-335746A72646}
	EndGlobalSection
	GlobalSection(ExtensibilityGlobals) = postSolution
		SolutionGuid = {DBA90F72-672D-4DB3-9D02-EDA8D02C81B5}
	EndGlobalSection
EndGlobal
