
Microsoft Visual Studio Solution File, Format Version 12.00
# Visual Studio 15
VisualStudioVersion = 15.0.27004.2006
MinimumVisualStudioVersion = 10.0.40219.1
Project("{9A19103F-16F7-4668-BE54-9A1E7A4F7556}") = "Hris.Web.Main", "Hris.Web.Main\Hris.Web.Main.csproj", "{DC6D82B0-A32F-46B1-80A6-5DCAB20A1698}"
EndProject
Project("{9A19103F-16F7-4668-BE54-9A1E7A4F7556}") = "Hris.Database", "Hris.Database\Hris.Database.csproj", "{11B05E45-E07A-49B4-A19C-C8CCFD775609}"
EndProject
Project("{2150E333-8FDC-42A3-9474-1A3956D46DE8}") = "Profiles", "Profiles", "{DD187B12-7C74-4BC8-BAA7-A9FD79B84137}"
EndProject
Project("{9A19103F-16F7-4668-BE54-9A1E7A4F7556}") = "Hris.Profiles.Persistence", "Hris.Profiles.Persistence\Hris.Profiles.Persistence.csproj", "{EFDD177C-A05A-4FFC-9BB5-E662A7815615}"
EndProject
Project("{9A19103F-16F7-4668-BE54-9A1E7A4F7556}") = "Hris.Profiles.Business", "Hris.Profiles.Business\Hris.Profiles.Business.csproj", "{521E492E-D375-486B-900D-EA8AB8A34DC4}"
EndProject
Project("{2150E333-8FDC-42A3-9474-1A3956D46DE8}") = "Common", "Common", "{F0DD2CA1-E494-4311-BDAC-CCD870AFFDFE}"
EndProject
Project("{FAE04EC0-301F-11D3-BF4B-00C04F79EFBC}") = "Hris.Common.Persistence", "Hris.Common.Persistence\Hris.Common.Persistence.csproj", "{3180257A-18E3-4D5F-912E-C598CDEB63AF}"
EndProject
Project("{FAE04EC0-301F-11D3-BF4B-00C04F79EFBC}") = "Hris.Common.Business", "Hris.Common.Business\Hris.Common.Business.csproj", "{411E872D-CBD8-40C0-BE54-79EA272759AB}"
EndProject
Global
	GlobalSection(SolutionConfigurationPlatforms) = preSolution
		Debug|Any CPU = Debug|Any CPU
		Release|Any CPU = Release|Any CPU
	EndGlobalSection
	GlobalSection(ProjectConfigurationPlatforms) = postSolution
		{DC6D82B0-A32F-46B1-80A6-5DCAB20A1698}.Debug|Any CPU.ActiveCfg = Debug|Any CPU
		{DC6D82B0-A32F-46B1-80A6-5DCAB20A1698}.Debug|Any CPU.Build.0 = Debug|Any CPU
		{DC6D82B0-A32F-46B1-80A6-5DCAB20A1698}.Release|Any CPU.ActiveCfg = Release|Any CPU
		{DC6D82B0-A32F-46B1-80A6-5DCAB20A1698}.Release|Any CPU.Build.0 = Release|Any CPU
		{11B05E45-E07A-49B4-A19C-C8CCFD775609}.Debug|Any CPU.ActiveCfg = Debug|Any CPU
		{11B05E45-E07A-49B4-A19C-C8CCFD775609}.Debug|Any CPU.Build.0 = Debug|Any CPU
		{11B05E45-E07A-49B4-A19C-C8CCFD775609}.Release|Any CPU.ActiveCfg = Release|Any CPU
		{11B05E45-E07A-49B4-A19C-C8CCFD775609}.Release|Any CPU.Build.0 = Release|Any CPU
		{EFDD177C-A05A-4FFC-9BB5-E662A7815615}.Debug|Any CPU.ActiveCfg = Debug|Any CPU
		{EFDD177C-A05A-4FFC-9BB5-E662A7815615}.Debug|Any CPU.Build.0 = Debug|Any CPU
		{EFDD177C-A05A-4FFC-9BB5-E662A7815615}.Release|Any CPU.ActiveCfg = Release|Any CPU
		{EFDD177C-A05A-4FFC-9BB5-E662A7815615}.Release|Any CPU.Build.0 = Release|Any CPU
		{521E492E-D375-486B-900D-EA8AB8A34DC4}.Debug|Any CPU.ActiveCfg = Debug|Any CPU
		{521E492E-D375-486B-900D-EA8AB8A34DC4}.Debug|Any CPU.Build.0 = Debug|Any CPU
		{521E492E-D375-486B-900D-EA8AB8A34DC4}.Release|Any CPU.ActiveCfg = Release|Any CPU
		{521E492E-D375-486B-900D-EA8AB8A34DC4}.Release|Any CPU.Build.0 = Release|Any CPU
		{3180257A-18E3-4D5F-912E-C598CDEB63AF}.Debug|Any CPU.ActiveCfg = Debug|Any CPU
		{3180257A-18E3-4D5F-912E-C598CDEB63AF}.Debug|Any CPU.Build.0 = Debug|Any CPU
		{3180257A-18E3-4D5F-912E-C598CDEB63AF}.Release|Any CPU.ActiveCfg = Release|Any CPU
		{3180257A-18E3-4D5F-912E-C598CDEB63AF}.Release|Any CPU.Build.0 = Release|Any CPU
		{411E872D-CBD8-40C0-BE54-79EA272759AB}.Debug|Any CPU.ActiveCfg = Debug|Any CPU
		{411E872D-CBD8-40C0-BE54-79EA272759AB}.Debug|Any CPU.Build.0 = Debug|Any CPU
		{411E872D-CBD8-40C0-BE54-79EA272759AB}.Release|Any CPU.ActiveCfg = Release|Any CPU
		{411E872D-CBD8-40C0-BE54-79EA272759AB}.Release|Any CPU.Build.0 = Release|Any CPU
	EndGlobalSection
	GlobalSection(SolutionProperties) = preSolution
		HideSolutionNode = FALSE
	EndGlobalSection
	GlobalSection(NestedProjects) = preSolution
		{EFDD177C-A05A-4FFC-9BB5-E662A7815615} = {DD187B12-7C74-4BC8-BAA7-A9FD79B84137}
		{521E492E-D375-486B-900D-EA8AB8A34DC4} = {DD187B12-7C74-4BC8-BAA7-A9FD79B84137}
		{3180257A-18E3-4D5F-912E-C598CDEB63AF} = {F0DD2CA1-E494-4311-BDAC-CCD870AFFDFE}
		{411E872D-CBD8-40C0-BE54-79EA272759AB} = {F0DD2CA1-E494-4311-BDAC-CCD870AFFDFE}
	EndGlobalSection
	GlobalSection(ExtensibilityGlobals) = postSolution
		SolutionGuid = {DBA90F72-672D-4DB3-9D02-EDA8D02C81B5}
	EndGlobalSection
EndGlobal
